
Microsoft Visual Studio Solution File, Format Version 12.00
# Visual Studio Version 17
VisualStudioVersion = 17.11.35431.28
MinimumVisualStudioVersion = 10.0.40219.1
Project("{FAE04EC0-301F-11D3-BF4B-00C04F79EFBC}") = "CustomVicUnityScripts", "CustomVicUnityScripts.csproj", "{2669972D-7909-4504-B153-D1D9E3B757EA}"
EndProject
Global
	GlobalSection(SolutionConfigurationPlatforms) = preSolution
		Debug|Any CPU = Debug|Any CPU
		Release|Any CPU = Release|Any CPU
	EndGlobalSection
	GlobalSection(ProjectConfigurationPlatforms) = postSolution
		{2669972D-7909-4504-B153-D1D9E3B757EA}.Debug|Any CPU.ActiveCfg = Debug|Any CPU
		{2669972D-7909-4504-B153-D1D9E3B757EA}.Debug|Any CPU.Build.0 = Debug|Any CPU
		{2669972D-7909-4504-B153-D1D9E3B757EA}.Release|Any CPU.ActiveCfg = Release|Any CPU
		{2669972D-7909-4504-B153-D1D9E3B757EA}.Release|Any CPU.Build.0 = Release|Any CPU
	EndGlobalSection
	GlobalSection(SolutionProperties) = preSolution
		HideSolutionNode = FALSE
	EndGlobalSection
	GlobalSection(ExtensibilityGlobals) = postSolution
		SolutionGuid = {54227F69-178F-4FF6-833B-1842CAC1BF35}
	EndGlobalSection
EndGlobal
